
Microsoft Visual Studio Solution File, Format Version 12.00
# Visual Studio Version 17
VisualStudioVersion = 17.14.36401.2 d17.14
MinimumVisualStudioVersion = 10.0.40219.1
Project("{FAE04EC0-301F-11D3-BF4B-00C04F79EFBC}") = "array", "array\array.csproj", "{6303816A-E302-4DDE-9E8B-6B76FBFCF6E9}"
EndProject
Global
	GlobalSection(SolutionConfigurationPlatforms) = preSolution
		Debug|Any CPU = Debug|Any CPU
		Release|Any CPU = Release|Any CPU
	EndGlobalSection
	GlobalSection(ProjectConfigurationPlatforms) = postSolution
		{6303816A-E302-4DDE-9E8B-6B76FBFCF6E9}.Debug|Any CPU.ActiveCfg = Debug|Any CPU
		{6303816A-E302-4DDE-9E8B-6B76FBFCF6E9}.Debug|Any CPU.Build.0 = Debug|Any CPU
		{6303816A-E302-4DDE-9E8B-6B76FBFCF6E9}.Release|Any CPU.ActiveCfg = Release|Any CPU
		{6303816A-E302-4DDE-9E8B-6B76FBFCF6E9}.Release|Any CPU.Build.0 = Release|Any CPU
	EndGlobalSection
	GlobalSection(SolutionProperties) = preSolution
		HideSolutionNode = FALSE
	EndGlobalSection
	GlobalSection(ExtensibilityGlobals) = postSolution
		SolutionGuid = {A985B586-E88D-412A-8529-907599D4AFCB}
	EndGlobalSection
EndGlobal
