
Microsoft Visual Studio Solution File, Format Version 12.00
# Visual Studio Version 17
VisualStudioVersion = 17.14.37216.2 d17.14
MinimumVisualStudioVersion = 10.0.40219.1
Project("{FAE04EC0-301F-11D3-BF4B-00C04F79EFBC}") = "4-Relations", "4-Relations\4-Relations.csproj", "{838CD116-3BE9-4A97-B4FD-6EFD88F03DD4}"
EndProject
Global
	GlobalSection(SolutionConfigurationPlatforms) = preSolution
		Debug|Any CPU = Debug|Any CPU
		Release|Any CPU = Release|Any CPU
	EndGlobalSection
	GlobalSection(ProjectConfigurationPlatforms) = postSolution
		{838CD116-3BE9-4A97-B4FD-6EFD88F03DD4}.Debug|Any CPU.ActiveCfg = Debug|Any CPU
		{838CD116-3BE9-4A97-B4FD-6EFD88F03DD4}.Debug|Any CPU.Build.0 = Debug|Any CPU
		{838CD116-3BE9-4A97-B4FD-6EFD88F03DD4}.Release|Any CPU.ActiveCfg = Release|Any CPU
		{838CD116-3BE9-4A97-B4FD-6EFD88F03DD4}.Release|Any CPU.Build.0 = Release|Any CPU
	EndGlobalSection
	GlobalSection(SolutionProperties) = preSolution
		HideSolutionNode = FALSE
	EndGlobalSection
	GlobalSection(ExtensibilityGlobals) = postSolution
		SolutionGuid = {BDB838EE-F919-480D-A56A-1548D219B8E9}
	EndGlobalSection
EndGlobal
