
Microsoft Visual Studio Solution File, Format Version 12.00
# Visual Studio Version 17
VisualStudioVersion = 17.14.37111.16 d17.14
MinimumVisualStudioVersion = 10.0.40219.1
Project("{FAE04EC0-301F-11D3-BF4B-00C04F79EFBC}") = "Collections", "Collections\Collections.csproj", "{58CB3B62-90F2-4AFC-A020-D6EFFA44D8A7}"
EndProject
Global
	GlobalSection(SolutionConfigurationPlatforms) = preSolution
		Debug|Any CPU = Debug|Any CPU
		Release|Any CPU = Release|Any CPU
	EndGlobalSection
	GlobalSection(ProjectConfigurationPlatforms) = postSolution
		{58CB3B62-90F2-4AFC-A020-D6EFFA44D8A7}.Debug|Any CPU.ActiveCfg = Debug|Any CPU
		{58CB3B62-90F2-4AFC-A020-D6EFFA44D8A7}.Debug|Any CPU.Build.0 = Debug|Any CPU
		{58CB3B62-90F2-4AFC-A020-D6EFFA44D8A7}.Release|Any CPU.ActiveCfg = Release|Any CPU
		{58CB3B62-90F2-4AFC-A020-D6EFFA44D8A7}.Release|Any CPU.Build.0 = Release|Any CPU
	EndGlobalSection
	GlobalSection(SolutionProperties) = preSolution
		HideSolutionNode = FALSE
	EndGlobalSection
	GlobalSection(ExtensibilityGlobals) = postSolution
		SolutionGuid = {07A0442C-87A6-4363-BBDB-90E48C5C2E54}
	EndGlobalSection
EndGlobal
