
Microsoft Visual Studio Solution File, Format Version 12.00
# Visual Studio Version 17
VisualStudioVersion = 17.14.37216.2 d17.14
MinimumVisualStudioVersion = 10.0.40219.1
Project("{FAE04EC0-301F-11D3-BF4B-00C04F79EFBC}") = "DDl_EmailHelper", "DDl_EmailHelper\DDl_EmailHelper.csproj", "{0953655D-1AFB-40C9-8A8F-6C242E8BA17F}"
EndProject
Global
	GlobalSection(SolutionConfigurationPlatforms) = preSolution
		Debug|Any CPU = Debug|Any CPU
		Release|Any CPU = Release|Any CPU
	EndGlobalSection
	GlobalSection(ProjectConfigurationPlatforms) = postSolution
		{0953655D-1AFB-40C9-8A8F-6C242E8BA17F}.Debug|Any CPU.ActiveCfg = Debug|Any CPU
		{0953655D-1AFB-40C9-8A8F-6C242E8BA17F}.Debug|Any CPU.Build.0 = Debug|Any CPU
		{0953655D-1AFB-40C9-8A8F-6C242E8BA17F}.Release|Any CPU.ActiveCfg = Release|Any CPU
		{0953655D-1AFB-40C9-8A8F-6C242E8BA17F}.Release|Any CPU.Build.0 = Release|Any CPU
	EndGlobalSection
	GlobalSection(SolutionProperties) = preSolution
		HideSolutionNode = FALSE
	EndGlobalSection
	GlobalSection(ExtensibilityGlobals) = postSolution
		SolutionGuid = {33437167-C79A-45C3-A1D5-5EA8311751CD}
	EndGlobalSection
EndGlobal
