
Microsoft Visual Studio Solution File, Format Version 12.00
# Visual Studio Version 17
VisualStudioVersion = 17.14.36518.9 d17.14
MinimumVisualStudioVersion = 10.0.40219.1
Project("{FAE04EC0-301F-11D3-BF4B-00C04F79EFBC}") = "Bank Account", "Bank Account\Bank Account.csproj", "{5CF85885-2652-41C9-B74C-62F2B86A47EF}"
EndProject
Global
	GlobalSection(SolutionConfigurationPlatforms) = preSolution
		Debug|Any CPU = Debug|Any CPU
		Release|Any CPU = Release|Any CPU
	EndGlobalSection
	GlobalSection(ProjectConfigurationPlatforms) = postSolution
		{5CF85885-2652-41C9-B74C-62F2B86A47EF}.Debug|Any CPU.ActiveCfg = Debug|Any CPU
		{5CF85885-2652-41C9-B74C-62F2B86A47EF}.Debug|Any CPU.Build.0 = Debug|Any CPU
		{5CF85885-2652-41C9-B74C-62F2B86A47EF}.Release|Any CPU.ActiveCfg = Release|Any CPU
		{5CF85885-2652-41C9-B74C-62F2B86A47EF}.Release|Any CPU.Build.0 = Release|Any CPU
	EndGlobalSection
	GlobalSection(SolutionProperties) = preSolution
		HideSolutionNode = FALSE
	EndGlobalSection
	GlobalSection(ExtensibilityGlobals) = postSolution
		SolutionGuid = {813DCF90-F751-44B2-89F8-484D61C84270}
	EndGlobalSection
EndGlobal
